
Microsoft Visual Studio Solution File, Format Version 12.00
# Visual Studio Version 17
VisualStudioVersion = 17.8.34316.72
MinimumVisualStudioVersion = 10.0.40219.1
Project("{9A19103F-16F7-4668-BE54-9A1E7A4F7556}") = "Trolley.API", "Trolley.API\Trolley.API.csproj", "{95399B25-13F6-47F4-AC0A-D28DEC6163E7}"
EndProject
Project("{FAE04EC0-301F-11D3-BF4B-00C04F79EFBC}") = "Trolley.DataSeeder", "Trolley.DataSeeder\Trolley.DataSeeder.csproj", "{3D76F3D6-A37E-4298-A099-3B0A3E66DC7A}"
EndProject
Global
	GlobalSection(SolutionConfigurationPlatforms) = preSolution
		Debug|Any CPU = Debug|Any CPU
		Release|Any CPU = Release|Any CPU
	EndGlobalSection
	GlobalSection(ProjectConfigurationPlatforms) = postSolution
		{95399B25-13F6-47F4-AC0A-D28DEC6163E7}.Debug|Any CPU.ActiveCfg = Debug|Any CPU
		{95399B25-13F6-47F4-AC0A-D28DEC6163E7}.Debug|Any CPU.Build.0 = Debug|Any CPU
		{95399B25-13F6-47F4-AC0A-D28DEC6163E7}.Release|Any CPU.ActiveCfg = Release|Any CPU
		{95399B25-13F6-47F4-AC0A-D28DEC6163E7}.Release|Any CPU.Build.0 = Release|Any CPU
		{3D76F3D6-A37E-4298-A099-3B0A3E66DC7A}.Debug|Any CPU.ActiveCfg = Debug|Any CPU
		{3D76F3D6-A37E-4298-A099-3B0A3E66DC7A}.Debug|Any CPU.Build.0 = Debug|Any CPU
		{3D76F3D6-A37E-4298-A099-3B0A3E66DC7A}.Release|Any CPU.ActiveCfg = Release|Any CPU
		{3D76F3D6-A37E-4298-A099-3B0A3E66DC7A}.Release|Any CPU.Build.0 = Release|Any CPU
	EndGlobalSection
	GlobalSection(SolutionProperties) = preSolution
		HideSolutionNode = FALSE
	EndGlobalSection
	GlobalSection(ExtensibilityGlobals) = postSolution
		SolutionGuid = {C38C152B-DEFA-4D8B-8C32-34BF8830C136}
	EndGlobalSection
EndGlobal
